{
    "_readme": [
        "This file locks the dependencies of your project to a known state",
        "Read more about it at https://getcomposer.org/doc/01-basic-usage.md#installing-dependencies",
        "This file is @generated automatically"
    ],
    "content-hash": "4b3389aad452e04eafc85ead5172aba0",
    "packages": [
        {
            "name": "doctrine/annotations",
            "version": "1.13.1",
            "source": {
                "type": "git",
                "url": "https://github.com/doctrine/annotations.git",
                "reference": "e6e7b7d5b45a2f2abc5460cc6396480b2b1d321f"
            },
            "dist": {
                "type": "zip",
                "url": "https://api.github.com/repos/doctrine/annotations/zipball/e6e7b7d5b45a2f2abc5460cc6396480b2b1d321f",
                "reference": "e6e7b7d5b45a2f2abc5460cc6396480b2b1d321f",
                "shasum": ""
            },
            "require": {
                "doctrine/lexer": "1.*",
                "ext-tokenizer": "*",
                "php": "^7.1 || ^8.0",
                "psr/cache": "^1 || ^2 || ^3"
            },
            "require-dev": {
                "doctrine/cache": "^1.11 || ^2.0",
                "doctrine/coding-standard": "^6.0 || ^8.1",
                "phpstan/phpstan": "^0.12.20",
                "phpunit/phpunit": "^7.5 || ^8.0 || ^9.1.5",
                "symfony/cache": "^4.4 || ^5.2"
            },
            "type": "library",
            "autoload": {
                "psr-4": {
                    "Doctrine\\Common\\Annotations\\": "lib/Doctrine/Common/Annotations"
                }
            },
            "notification-url": "https://packagist.org/downloads/",
            "license": [
                "MIT"
            ],
            "authors": [
                {
                    "name": "Guilherme Blanco",
                    "email": "guilhermeblanco@gmail.com"
                },
                {
                    "name": "Roman Borschel",
                    "email": "roman@code-factory.org"
                },
                {
                    "name": "Benjamin Eberlei",
                    "email": "kontakt@beberlei.de"
                },
                {
                    "name": "Jonathan Wage",
                    "email": "jonwage@gmail.com"
                },
                {
                    "name": "Johannes Schmitt",
                    "email": "schmittjoh@gmail.com"
                }
            ],
            "description": "Docblock Annotations Parser",
            "homepage": "https://www.doctrine-project.org/projects/annotations.html",
            "keywords": [
                "annotations",
                "docblock",
                "parser"
            ],
            "support": {
                "issues": "https://github.com/doctrine/annotations/issues",
                "source": "https://github.com/doctrine/annotations/tree/1.13.1"
            },
            "time": "2021-05-16T18:07:53+00:00"
        },
        {
            "name": "doctrine/lexer",
            "version": "1.2.1",
            "source": {
                "type": "git",
                "url": "https://github.com/doctrine/lexer.git",
                "reference": "e864bbf5904cb8f5bb334f99209b48018522f042"
            },
            "dist": {
                "type": "zip",
                "url": "https://api.github.com/repos/doctrine/lexer/zipball/e864bbf5904cb8f5bb334f99209b48018522f042",
                "reference": "e864bbf5904cb8f5bb334f99209b48018522f042",
                "shasum": ""
            },
            "require": {
                "php": "^7.2 || ^8.0"
            },
            "require-dev": {
                "doctrine/coding-standard": "^6.0",
                "phpstan/phpstan": "^0.11.8",
                "phpunit/phpunit": "^8.2"
            },
            "type": "library",
            "extra": {
                "branch-alias": {
                    "dev-master": "1.2.x-dev"
                }
            },
            "autoload": {
                "psr-4": {
                    "Doctrine\\Common\\Lexer\\": "lib/Doctrine/Common/Lexer"
                }
            },
            "notification-url": "https://packagist.org/downloads/",
            "license": [
                "MIT"
            ],
            "authors": [
                {
                    "name": "Guilherme Blanco",
                    "email": "guilhermeblanco@gmail.com"
                },
                {
                    "name": "Roman Borschel",
                    "email": "roman@code-factory.org"
                },
                {
                    "name": "Johannes Schmitt",
                    "email": "schmittjoh@gmail.com"
                }
            ],
            "description": "PHP Doctrine Lexer parser library that can be used in Top-Down, Recursive Descent Parsers.",
            "homepage": "https://www.doctrine-project.org/projects/lexer.html",
            "keywords": [
                "annotations",
                "docblock",
                "lexer",
                "parser",
                "php"
            ],
            "support": {
                "issues": "https://github.com/doctrine/lexer/issues",
                "source": "https://github.com/doctrine/lexer/tree/1.2.1"
            },
            "funding": [
                {
                    "url": "https://www.doctrine-project.org/sponsorship.html",
                    "type": "custom"
                },
                {
                    "url": "https://www.patreon.com/phpdoctrine",
                    "type": "patreon"
                },
                {
                    "url": "https://tidelift.com/funding/github/packagist/doctrine%2Flexer",
                    "type": "tidelift"
                }
            ],
            "time": "2020-05-25T17:44:05+00:00"
        },
        {
            "name": "emalherbi/mymysql",
            "version": "2.0.1",
            "source": {
                "type": "git",
                "url": "https://github.com/emalherbi/MyMysql.git",
                "reference": "41bd89265e2e7155ad125976a79d0e1bfc566937"
            },
            "dist": {
                "type": "zip",
                "url": "https://api.github.com/repos/emalherbi/MyMysql/zipball/41bd89265e2e7155ad125976a79d0e1bfc566937",
                "reference": "41bd89265e2e7155ad125976a79d0e1bfc566937",
                "shasum": ""
            },
            "require": {
                "php": ">= 5.0.0"
            },
            "type": "library",
            "autoload": {
                "psr-4": {
                    "MyMysql\\": "src"
                }
            },
            "notification-url": "https://packagist.org/downloads/",
            "license": [
                "MIT"
            ],
            "description": "My Mysql | PDO",
            "homepage": "https://github.com/emalherbi/MyMysql",
            "support": {
                "issues": "https://github.com/emalherbi/MyMysql/issues",
                "source": "https://github.com/emalherbi/MyMysql/tree/2.0.1"
            },
            "time": "2021-05-04T00:30:00+00:00"
        },
        {
            "name": "palanik/corsslim",
            "version": "v1.1.0",
            "source": {
                "type": "git",
                "url": "https://github.com/palanik/CorsSlim.git",
                "reference": "ebd2bca1fcf4711a69db43f65bb63d10c7016030"
            },
            "dist": {
                "type": "zip",
                "url": "https://api.github.com/repos/palanik/CorsSlim/zipball/ebd2bca1fcf4711a69db43f65bb63d10c7016030",
                "reference": "ebd2bca1fcf4711a69db43f65bb63d10c7016030",
                "shasum": ""
            },
            "require": {
                "slim/slim": ">=2.4.0 <3.0"
            },
            "type": "library",
            "autoload": {
                "psr-4": {
                    "CorsSlim\\": "."
                }
            },
            "notification-url": "https://packagist.org/downloads/",
            "license": [
                "MIT"
            ],
            "authors": [
                {
                    "name": "palanik"
                }
            ],
            "description": "Cross-origin resource sharing (CORS) middleware for PHP Slim.",
            "homepage": "https://github.com/palanik/CorsSlim",
            "keywords": [
                "cors",
                "corsslim",
                "cross-origin",
                "preflight",
                "slim",
                "slimphp"
            ],
            "support": {
                "issues": "https://github.com/palanik/CorsSlim/issues",
                "source": "https://github.com/palanik/CorsSlim/tree/v1.1.0"
            },
            "time": "2015-12-16T23:57:06+00:00"
        },
        {
            "name": "psr/cache",
            "version": "1.0.1",
            "source": {
                "type": "git",
                "url": "https://github.com/php-fig/cache.git",
                "reference": "d11b50ad223250cf17b86e38383413f5a6764bf8"
            },
            "dist": {
                "type": "zip",
                "url": "https://api.github.com/repos/php-fig/cache/zipball/d11b50ad223250cf17b86e38383413f5a6764bf8",
                "reference": "d11b50ad223250cf17b86e38383413f5a6764bf8",
                "shasum": ""
            },
            "require": {
                "php": ">=5.3.0"
            },
            "type": "library",
            "extra": {
                "branch-alias": {
                    "dev-master": "1.0.x-dev"
                }
            },
            "autoload": {
                "psr-4": {
                    "Psr\\Cache\\": "src/"
                }
            },
            "notification-url": "https://packagist.org/downloads/",
            "license": [
                "MIT"
            ],
            "authors": [
                {
                    "name": "PHP-FIG",
                    "homepage": "http://www.php-fig.org/"
                }
            ],
            "description": "Common interface for caching libraries",
            "keywords": [
                "cache",
                "psr",
                "psr-6"
            ],
            "support": {
                "source": "https://github.com/php-fig/cache/tree/master"
            },
            "time": "2016-08-06T20:24:11+00:00"
        },
        {
            "name": "slim/slim",
            "version": "2.6.3",
            "source": {
                "type": "git",
                "url": "https://github.com/slimphp/Slim.git",
                "reference": "9224ed81ac1c412881e8d762755e3d76ebf580c0"
            },
            "dist": {
                "type": "zip",
                "url": "https://api.github.com/repos/slimphp/Slim/zipball/9224ed81ac1c412881e8d762755e3d76ebf580c0",
                "reference": "9224ed81ac1c412881e8d762755e3d76ebf580c0",
                "shasum": ""
            },
            "require": {
                "php": ">=5.3.0"
            },
            "suggest": {
                "ext-mcrypt": "Required for HTTP cookie encryption",
                "phpseclib/mcrypt_compat": "Polyfil for mcrypt extension"
            },
            "type": "library",
            "autoload": {
                "psr-0": {
                    "Slim": "."
                }
            },
            "notification-url": "https://packagist.org/downloads/",
            "license": [
                "MIT"
            ],
            "authors": [
                {
                    "name": "Josh Lockhart",
                    "email": "info@joshlockhart.com",
                    "homepage": "http://www.joshlockhart.com/"
                }
            ],
            "description": "Slim Framework, a PHP micro framework",
            "homepage": "http://github.com/codeguy/Slim",
            "keywords": [
                "microframework",
                "rest",
                "router"
            ],
            "support": {
                "issues": "https://github.com/slimphp/Slim/issues",
                "source": "https://github.com/slimphp/Slim/tree/2.x"
            },
            "time": "2017-01-07T12:21:41+00:00"
        }
    ],
    "packages-dev": [],
    "aliases": [],
    "minimum-stability": "stable",
    "stability-flags": [],
    "prefer-stable": false,
    "prefer-lowest": false,
    "platform": [],
    "platform-dev": [],
    "plugin-api-version": "2.0.0"
}
